
Microsoft Visual Studio Solution File, Format Version 12.00
# Visual Studio 15
Project("{FAE04EC0-301F-11D3-BF4B-00C04F79EFBC}") = "Prep3", "Prep3.csproj", "{EF3B9287-B6BD-4EE4-8675-E1B3EEDEF569}"
EndProject
Global
	GlobalSection(SolutionConfigurationPlatforms) = preSolution
		Debug|x86 = Debug|x86
		Release|x86 = Release|x86
	EndGlobalSection
	GlobalSection(ProjectConfigurationPlatforms) = postSolution
		{EF3B9287-B6BD-4EE4-8675-E1B3EEDEF569}.Debug|x86.ActiveCfg = Debug|x86
		{EF3B9287-B6BD-4EE4-8675-E1B3EEDEF569}.Debug|x86.Build.0 = Debug|x86
		{EF3B9287-B6BD-4EE4-8675-E1B3EEDEF569}.Release|x86.ActiveCfg = Release|x86
		{EF3B9287-B6BD-4EE4-8675-E1B3EEDEF569}.Release|x86.Build.0 = Release|x86
	EndGlobalSection
EndGlobal
