
Microsoft Visual Studio Solution File, Format Version 12.00
# Visual Studio Version 17
VisualStudioVersion = 17.5.002.0
MinimumVisualStudioVersion = 10.0.40219.1
Project("{9A19103F-16F7-4668-BE54-9A1E7A4F7556}") = "Develop02", "Develop02.csproj", "{0982018D-FCC4-4773-B517-745AE8837410}"
EndProject
Global
	GlobalSection(SolutionConfigurationPlatforms) = preSolution
		Debug|Any CPU = Debug|Any CPU
		Release|Any CPU = Release|Any CPU
	EndGlobalSection
	GlobalSection(ProjectConfigurationPlatforms) = postSolution
		{0982018D-FCC4-4773-B517-745AE8837410}.Debug|Any CPU.ActiveCfg = Debug|Any CPU
		{0982018D-FCC4-4773-B517-745AE8837410}.Debug|Any CPU.Build.0 = Debug|Any CPU
		{0982018D-FCC4-4773-B517-745AE8837410}.Release|Any CPU.ActiveCfg = Release|Any CPU
		{0982018D-FCC4-4773-B517-745AE8837410}.Release|Any CPU.Build.0 = Release|Any CPU
	EndGlobalSection
	GlobalSection(SolutionProperties) = preSolution
		HideSolutionNode = FALSE
	EndGlobalSection
	GlobalSection(ExtensibilityGlobals) = postSolution
		SolutionGuid = {B319692F-9396-40D7-B84C-B02E4694D584}
	EndGlobalSection
EndGlobal
