
Microsoft Visual Studio Solution File, Format Version 12.00
# Visual Studio Version 17
VisualStudioVersion = 17.5.002.0
MinimumVisualStudioVersion = 10.0.40219.1
Project("{9A19103F-16F7-4668-BE54-9A1E7A4F7556}") = "Prep1", "Prep1.csproj", "{BB765EC6-7F47-4731-B289-75EB0A963546}"
EndProject
Global
	GlobalSection(SolutionConfigurationPlatforms) = preSolution
		Debug|Any CPU = Debug|Any CPU
		Release|Any CPU = Release|Any CPU
	EndGlobalSection
	GlobalSection(ProjectConfigurationPlatforms) = postSolution
		{BB765EC6-7F47-4731-B289-75EB0A963546}.Debug|Any CPU.ActiveCfg = Debug|Any CPU
		{BB765EC6-7F47-4731-B289-75EB0A963546}.Debug|Any CPU.Build.0 = Debug|Any CPU
		{BB765EC6-7F47-4731-B289-75EB0A963546}.Release|Any CPU.ActiveCfg = Release|Any CPU
		{BB765EC6-7F47-4731-B289-75EB0A963546}.Release|Any CPU.Build.0 = Release|Any CPU
	EndGlobalSection
	GlobalSection(SolutionProperties) = preSolution
		HideSolutionNode = FALSE
	EndGlobalSection
	GlobalSection(ExtensibilityGlobals) = postSolution
		SolutionGuid = {BD66536E-C696-48A7-85B1-3863B011876D}
	EndGlobalSection
EndGlobal
